
Microsoft Visual Studio Solution File, Format Version 12.00
# Visual Studio Version 17
VisualStudioVersion = 17.7.34018.315
MinimumVisualStudioVersion = 10.0.40219.1
Project("{9A19103F-16F7-4668-BE54-9A1E7A4F7556}") = "Domain", "Domain\Domain.csproj", "{229CD278-5D68-40E4-A0DC-1567C241270A}"
EndProject
Project("{9A19103F-16F7-4668-BE54-9A1E7A4F7556}") = "Infrastructure", "Infrastructure\Infrastructure.csproj", "{6371CCDC-8804-4A9D-B325-AEBE9DEA31EC}"
EndProject
Project("{9A19103F-16F7-4668-BE54-9A1E7A4F7556}") = "OnlineCourseApi", "OnlineCourseApi\OnlineCourseApi.csproj", "{56FA3C38-B4A1-4DA0-A1EE-813DE5BADAB7}"
EndProject
Project("{FAE04EC0-301F-11D3-BF4B-00C04F79EFBC}") = "Application", "Application\Application.csproj", "{47C0AB0F-24E2-46A2-A60A-B1062F1D45A7}"
EndProject
Global
	GlobalSection(SolutionConfigurationPlatforms) = preSolution
		Debug|Any CPU = Debug|Any CPU
		Release|Any CPU = Release|Any CPU
	EndGlobalSection
	GlobalSection(ProjectConfigurationPlatforms) = postSolution
		{229CD278-5D68-40E4-A0DC-1567C241270A}.Debug|Any CPU.ActiveCfg = Debug|Any CPU
		{229CD278-5D68-40E4-A0DC-1567C241270A}.Debug|Any CPU.Build.0 = Debug|Any CPU
		{229CD278-5D68-40E4-A0DC-1567C241270A}.Release|Any CPU.ActiveCfg = Release|Any CPU
		{229CD278-5D68-40E4-A0DC-1567C241270A}.Release|Any CPU.Build.0 = Release|Any CPU
		{6371CCDC-8804-4A9D-B325-AEBE9DEA31EC}.Debug|Any CPU.ActiveCfg = Debug|Any CPU
		{6371CCDC-8804-4A9D-B325-AEBE9DEA31EC}.Debug|Any CPU.Build.0 = Debug|Any CPU
		{6371CCDC-8804-4A9D-B325-AEBE9DEA31EC}.Release|Any CPU.ActiveCfg = Release|Any CPU
		{6371CCDC-8804-4A9D-B325-AEBE9DEA31EC}.Release|Any CPU.Build.0 = Release|Any CPU
		{56FA3C38-B4A1-4DA0-A1EE-813DE5BADAB7}.Debug|Any CPU.ActiveCfg = Debug|Any CPU
		{56FA3C38-B4A1-4DA0-A1EE-813DE5BADAB7}.Debug|Any CPU.Build.0 = Debug|Any CPU
		{56FA3C38-B4A1-4DA0-A1EE-813DE5BADAB7}.Release|Any CPU.ActiveCfg = Release|Any CPU
		{56FA3C38-B4A1-4DA0-A1EE-813DE5BADAB7}.Release|Any CPU.Build.0 = Release|Any CPU
		{47C0AB0F-24E2-46A2-A60A-B1062F1D45A7}.Debug|Any CPU.ActiveCfg = Debug|Any CPU
		{47C0AB0F-24E2-46A2-A60A-B1062F1D45A7}.Debug|Any CPU.Build.0 = Debug|Any CPU
		{47C0AB0F-24E2-46A2-A60A-B1062F1D45A7}.Release|Any CPU.ActiveCfg = Release|Any CPU
		{47C0AB0F-24E2-46A2-A60A-B1062F1D45A7}.Release|Any CPU.Build.0 = Release|Any CPU
	EndGlobalSection
	GlobalSection(SolutionProperties) = preSolution
		HideSolutionNode = FALSE
	EndGlobalSection
	GlobalSection(ExtensibilityGlobals) = postSolution
		SolutionGuid = {D1162FEC-DE77-4413-8CEE-A4B3061B9739}
	EndGlobalSection
EndGlobal
